
Microsoft Visual Studio Solution File, Format Version 12.00
# Visual Studio Version 17
VisualStudioVersion = 17.7.34009.444
MinimumVisualStudioVersion = 10.0.40219.1
Project("{FAE04EC0-301F-11D3-BF4B-00C04F79EFBC}") = "BlogSystem", "BlogSystem\BlogSystem.csproj", "{31EEB372-F8C4-468D-B2FE-347372A2C43A}"
EndProject
Project("{FAE04EC0-301F-11D3-BF4B-00C04F79EFBC}") = "BlogSystem.Data", "BlogSystem.Data\BlogSystem.Data.csproj", "{10C17CA2-C4E1-4FC6-A598-5DA5ADDFF60A}"
EndProject
Project("{FAE04EC0-301F-11D3-BF4B-00C04F79EFBC}") = "BlogSystem.Domain", "BlogSystem.Domain\BlogSystem.Domain.csproj", "{9838E603-2FFE-4AB3-950E-F8B2A43CD531}"
EndProject
Global
	GlobalSection(SolutionConfigurationPlatforms) = preSolution
		Debug|Any CPU = Debug|Any CPU
		Release|Any CPU = Release|Any CPU
	EndGlobalSection
	GlobalSection(ProjectConfigurationPlatforms) = postSolution
		{31EEB372-F8C4-468D-B2FE-347372A2C43A}.Debug|Any CPU.ActiveCfg = Debug|Any CPU
		{31EEB372-F8C4-468D-B2FE-347372A2C43A}.Debug|Any CPU.Build.0 = Debug|Any CPU
		{31EEB372-F8C4-468D-B2FE-347372A2C43A}.Release|Any CPU.ActiveCfg = Release|Any CPU
		{31EEB372-F8C4-468D-B2FE-347372A2C43A}.Release|Any CPU.Build.0 = Release|Any CPU
		{10C17CA2-C4E1-4FC6-A598-5DA5ADDFF60A}.Debug|Any CPU.ActiveCfg = Debug|Any CPU
		{10C17CA2-C4E1-4FC6-A598-5DA5ADDFF60A}.Debug|Any CPU.Build.0 = Debug|Any CPU
		{10C17CA2-C4E1-4FC6-A598-5DA5ADDFF60A}.Release|Any CPU.ActiveCfg = Release|Any CPU
		{10C17CA2-C4E1-4FC6-A598-5DA5ADDFF60A}.Release|Any CPU.Build.0 = Release|Any CPU
		{9838E603-2FFE-4AB3-950E-F8B2A43CD531}.Debug|Any CPU.ActiveCfg = Debug|Any CPU
		{9838E603-2FFE-4AB3-950E-F8B2A43CD531}.Debug|Any CPU.Build.0 = Debug|Any CPU
		{9838E603-2FFE-4AB3-950E-F8B2A43CD531}.Release|Any CPU.ActiveCfg = Release|Any CPU
		{9838E603-2FFE-4AB3-950E-F8B2A43CD531}.Release|Any CPU.Build.0 = Release|Any CPU
	EndGlobalSection
	GlobalSection(SolutionProperties) = preSolution
		HideSolutionNode = FALSE
	EndGlobalSection
	GlobalSection(ExtensibilityGlobals) = postSolution
		SolutionGuid = {DBAE400A-C4EA-4093-9EA0-8DA15D92EB75}
	EndGlobalSection
EndGlobal
